
Microsoft Visual Studio Solution File, Format Version 12.00
# Visual Studio Version 16
VisualStudioVersion = 16.0.32126.315
MinimumVisualStudioVersion = 10.0.40219.1
Project("{FAE04EC0-301F-11D3-BF4B-00C04F79EFBC}") = "ptriangulo", "ptriangulo\ptriangulo.csproj", "{1ED662BE-5671-422F-A6C4-091678B92699}"
EndProject
Global
	GlobalSection(SolutionConfigurationPlatforms) = preSolution
		Debug|Any CPU = Debug|Any CPU
		Release|Any CPU = Release|Any CPU
	EndGlobalSection
	GlobalSection(ProjectConfigurationPlatforms) = postSolution
		{1ED662BE-5671-422F-A6C4-091678B92699}.Debug|Any CPU.ActiveCfg = Debug|Any CPU
		{1ED662BE-5671-422F-A6C4-091678B92699}.Debug|Any CPU.Build.0 = Debug|Any CPU
		{1ED662BE-5671-422F-A6C4-091678B92699}.Release|Any CPU.ActiveCfg = Release|Any CPU
		{1ED662BE-5671-422F-A6C4-091678B92699}.Release|Any CPU.Build.0 = Release|Any CPU
	EndGlobalSection
	GlobalSection(SolutionProperties) = preSolution
		HideSolutionNode = FALSE
	EndGlobalSection
	GlobalSection(ExtensibilityGlobals) = postSolution
		SolutionGuid = {59EA2494-975D-4770-8997-323B80343309}
	EndGlobalSection
EndGlobal
